
Microsoft Visual Studio Solution File, Format Version 12.00
# Visual Studio Version 16
VisualStudioVersion = 16.0.31624.102
MinimumVisualStudioVersion = 10.0.40219.1
Project("{FAE04EC0-301F-11D3-BF4B-00C04F79EFBC}") = "task1", "task1\task1.csproj", "{399FFD37-3456-472E-A43D-3AF328E677EB}"
EndProject
Global
	GlobalSection(SolutionConfigurationPlatforms) = preSolution
		Debug|Any CPU = Debug|Any CPU
		Release|Any CPU = Release|Any CPU
	EndGlobalSection
	GlobalSection(ProjectConfigurationPlatforms) = postSolution
		{399FFD37-3456-472E-A43D-3AF328E677EB}.Debug|Any CPU.ActiveCfg = Debug|Any CPU
		{399FFD37-3456-472E-A43D-3AF328E677EB}.Debug|Any CPU.Build.0 = Debug|Any CPU
		{399FFD37-3456-472E-A43D-3AF328E677EB}.Release|Any CPU.ActiveCfg = Release|Any CPU
		{399FFD37-3456-472E-A43D-3AF328E677EB}.Release|Any CPU.Build.0 = Release|Any CPU
	EndGlobalSection
	GlobalSection(SolutionProperties) = preSolution
		HideSolutionNode = FALSE
	EndGlobalSection
	GlobalSection(ExtensibilityGlobals) = postSolution
		SolutionGuid = {EF862E75-418A-46DF-A73F-0F067408F688}
	EndGlobalSection
EndGlobal
